
Microsoft Visual Studio Solution File, Format Version 12.00
# Visual Studio Version 16
VisualStudioVersion = 16.0.32901.82
MinimumVisualStudioVersion = 10.0.40219.1
Project("{FAE04EC0-301F-11D3-BF4B-00C04F79EFBC}") = "NoEscape-Locker", "NoEscape-Locker\NoEscape-Locker.csproj", "{C41AD0A5-6B57-49C9-AE1E-5BB2D7855EBA}"
EndProject
Global
	GlobalSection(SolutionConfigurationPlatforms) = preSolution
		Debug|Any CPU = Debug|Any CPU
		Release|Any CPU = Release|Any CPU
	EndGlobalSection
	GlobalSection(ProjectConfigurationPlatforms) = postSolution
		{C41AD0A5-6B57-49C9-AE1E-5BB2D7855EBA}.Debug|Any CPU.ActiveCfg = Debug|Any CPU
		{C41AD0A5-6B57-49C9-AE1E-5BB2D7855EBA}.Debug|Any CPU.Build.0 = Debug|Any CPU
		{C41AD0A5-6B57-49C9-AE1E-5BB2D7855EBA}.Release|Any CPU.ActiveCfg = Release|Any CPU
		{C41AD0A5-6B57-49C9-AE1E-5BB2D7855EBA}.Release|Any CPU.Build.0 = Release|Any CPU
	EndGlobalSection
	GlobalSection(SolutionProperties) = preSolution
		HideSolutionNode = FALSE
	EndGlobalSection
	GlobalSection(ExtensibilityGlobals) = postSolution
		SolutionGuid = {F1692098-33B0-41A4-B1A0-7E811CAF86A6}
	EndGlobalSection
EndGlobal
